
Microsoft Visual Studio Solution File, Format Version 12.00
# Visual Studio 15
VisualStudioVersion = 15.0.26730.16
MinimumVisualStudioVersion = 10.0.40219.1
Project("{9A19103F-16F7-4668-BE54-9A1E7A4F7556}") = "RandomNameGenerator", "RandomNameGenerator\RandomNameGenerator.csproj", "{6C15E853-7691-41C4-8722-5CCBD76A96C6}"
EndProject
Project("{9A19103F-16F7-4668-BE54-9A1E7A4F7556}") = "RandomNameGeneratorTests", "RandomNameGeneratorTests\RandomNameGeneratorTests.csproj", "{735F879C-BE4A-4ECB-AA0B-F9F68A95C987}"
EndProject
Project("{9A19103F-16F7-4668-BE54-9A1E7A4F7556}") = "ConsoleTestNameGenerator", "ConsoleTestNameGenerator\ConsoleTestNameGenerator.csproj", "{A49E0A26-16D7-46E3-AE1B-39F075E388D2}"
EndProject
Project("{2150E333-8FDC-42A3-9474-1A3956D46DE8}") = "Solution Items", "Solution Items", "{EF4EB934-41DF-4C22-875D-7DA47ADA2FF4}"
	ProjectSection(SolutionItems) = preProject
		LICENSE.md = LICENSE.md
		README.md = README.md
	EndProjectSection
EndProject
Global
	GlobalSection(SolutionConfigurationPlatforms) = preSolution
		Debug|Any CPU = Debug|Any CPU
		Release|Any CPU = Release|Any CPU
	EndGlobalSection
	GlobalSection(ProjectConfigurationPlatforms) = postSolution
		{6C15E853-7691-41C4-8722-5CCBD76A96C6}.Debug|Any CPU.ActiveCfg = Debug|Any CPU
		{6C15E853-7691-41C4-8722-5CCBD76A96C6}.Debug|Any CPU.Build.0 = Debug|Any CPU
		{6C15E853-7691-41C4-8722-5CCBD76A96C6}.Release|Any CPU.ActiveCfg = Release|Any CPU
		{6C15E853-7691-41C4-8722-5CCBD76A96C6}.Release|Any CPU.Build.0 = Release|Any CPU
		{735F879C-BE4A-4ECB-AA0B-F9F68A95C987}.Debug|Any CPU.ActiveCfg = Debug|Any CPU
		{735F879C-BE4A-4ECB-AA0B-F9F68A95C987}.Debug|Any CPU.Build.0 = Debug|Any CPU
		{735F879C-BE4A-4ECB-AA0B-F9F68A95C987}.Release|Any CPU.ActiveCfg = Release|Any CPU
		{735F879C-BE4A-4ECB-AA0B-F9F68A95C987}.Release|Any CPU.Build.0 = Release|Any CPU
		{A49E0A26-16D7-46E3-AE1B-39F075E388D2}.Debug|Any CPU.ActiveCfg = Debug|Any CPU
		{A49E0A26-16D7-46E3-AE1B-39F075E388D2}.Debug|Any CPU.Build.0 = Debug|Any CPU
		{A49E0A26-16D7-46E3-AE1B-39F075E388D2}.Release|Any CPU.ActiveCfg = Release|Any CPU
		{A49E0A26-16D7-46E3-AE1B-39F075E388D2}.Release|Any CPU.Build.0 = Release|Any CPU
	EndGlobalSection
	GlobalSection(SolutionProperties) = preSolution
		HideSolutionNode = FALSE
	EndGlobalSection
	GlobalSection(ExtensibilityGlobals) = postSolution
		SolutionGuid = {92075BE1-67A9-42D6-9FE7-F3AAC5CEFC06}
	EndGlobalSection
EndGlobal
